<?xml version="1.0" encoding="utf-8"?>
<Project ToolsVersion="4.0" xmlns="http://schemas.microsoft.com/developer/msbuild/2003">
  <ItemGroup>
    <Filter Include="Source Files">
      <UniqueIdentifier>{4FC737F1-C7A5-4376-A066-2A32D752A2FF}</UniqueIdentifier>
      <Extensions>cpp;c;cc;cxx;c++;cppm;ixx;def;odl;idl;hpj;bat;asm;asmx</Extensions>
    </Filter>
    <Filter Include="Header Files">
      <UniqueIdentifier>{93995380-89BD-4b04-88EB-625FBE52EBFB}</UniqueIdentifier>
      <Extensions>h;hh;hpp;hxx;h++;hm;inl;inc;ipp;xsd</Extensions>
    </Filter>
    <Filter Include="Resource Files">
      <UniqueIdentifier>{67DA6AB6-F800-4c08-8B7A-83BB121AAD01}</UniqueIdentifier>
      <Extensions>rc;ico;cur;bmp;dlg;rc2;rct;bin;rgs;gif;jpg;jpeg;jpe;resx;tiff;tif;png;wav;mfcribbon-ms</Extensions>
    </Filter>
    <Filter Include="Source Files\Classes">
      <UniqueIdentifier>{f00389a2-9e4c-41d6-87f4-392726ffdb8d}</UniqueIdentifier>
    </Filter>
    <Filter Include="Source Files\Classes\Game">
      <UniqueIdentifier>{5690d145-046a-410a-b8f7-315613fdc38a}</UniqueIdentifier>
    </Filter>
    <Filter Include="Source Files\Classes\Static">
      <UniqueIdentifier>{4641587f-6691-48d8-ba93-e0891c16c8b2}</UniqueIdentifier>
    </Filter>
    <Filter Include="Source Files\Classes\World">
      <UniqueIdentifier>{19e1836e-ab98-4715-8054-83ca1c49029b}</UniqueIdentifier>
    </Filter>
    <Filter Include="Source Files\Classes\Animations">
      <UniqueIdentifier>{e4f527b6-ad67-42fb-a912-a5efebbb4244}</UniqueIdentifier>
    </Filter>
  </ItemGroup>
  <ItemGroup>
    <ClCompile Include="main.cpp">
      <Filter>Source Files</Filter>
    </ClCompile>
    <ClCompile Include="Game.cpp">
      <Filter>Source Files\Classes\Game</Filter>
    </ClCompile>
    <ClCompile Include="MathFunctions.cpp">
      <Filter>Source Files\Classes\Static</Filter>
    </ClCompile>
    <ClCompile Include="GameObject.cpp">
      <Filter>Source Files\Classes\Game</Filter>
    </ClCompile>
    <ClCompile Include="TileObject.cpp">
      <Filter>Source Files\Classes\World</Filter>
    </ClCompile>
    <ClCompile Include="TileHandler.cpp">
      <Filter>Source Files\Classes\World</Filter>
    </ClCompile>
    <ClCompile Include="Animations.cpp">
      <Filter>Source Files\Classes\Animations</Filter>
    </ClCompile>
    <ClCompile Include="GameInput.cpp">
      <Filter>Source Files\Classes\Game</Filter>
    </ClCompile>
  </ItemGroup>
  <ItemGroup>
    <ClInclude Include="main.h">
      <Filter>Header Files</Filter>
    </ClInclude>
    <ClInclude Include="Game.h">
      <Filter>Header Files</Filter>
    </ClInclude>
    <ClInclude Include="MathFunctions.h">
      <Filter>Header Files</Filter>
    </ClInclude>
    <ClInclude Include="GameObject.h">
      <Filter>Header Files</Filter>
    </ClInclude>
    <ClInclude Include="TileObject.h">
      <Filter>Header Files</Filter>
    </ClInclude>
    <ClInclude Include="TileHandler.h">
      <Filter>Header Files</Filter>
    </ClInclude>
    <ClInclude Include="Animations.h">
      <Filter>Header Files</Filter>
    </ClInclude>
    <ClInclude Include="GameInput.h">
      <Filter>Header Files</Filter>
    </ClInclude>
  </ItemGroup>
</Project>